
Microsoft Visual Studio Solution File, Format Version 12.00
# Visual Studio Version 17
VisualStudioVersion = 17.9.34728.123
MinimumVisualStudioVersion = 10.0.40219.1
Project("{9A19103F-16F7-4668-BE54-9A1E7A4F7556}") = "QLCloseDoor", "QLCloseDoor.csproj", "{D78F1691-66E6-4808-9104-3480D710F764}"
EndProject
Global
	GlobalSection(SolutionConfigurationPlatforms) = preSolution
		Debug|Any CPU = Debug|Any CPU
		Release|Any CPU = Release|Any CPU
	EndGlobalSection
	GlobalSection(ProjectConfigurationPlatforms) = postSolution
		{D78F1691-66E6-4808-9104-3480D710F764}.Debug|Any CPU.ActiveCfg = Debug|Any CPU
		{D78F1691-66E6-4808-9104-3480D710F764}.Debug|Any CPU.Build.0 = Debug|Any CPU
		{D78F1691-66E6-4808-9104-3480D710F764}.Release|Any CPU.ActiveCfg = Release|Any CPU
		{D78F1691-66E6-4808-9104-3480D710F764}.Release|Any CPU.Build.0 = Release|Any CPU
	EndGlobalSection
	GlobalSection(SolutionProperties) = preSolution
		HideSolutionNode = FALSE
	EndGlobalSection
	GlobalSection(ExtensibilityGlobals) = postSolution
		SolutionGuid = {DA8A3917-8C7B-4474-BD12-03097B1ADE0A}
	EndGlobalSection
EndGlobal
